
Microsoft Visual Studio Solution File, Format Version 12.00
# Visual Studio Version 16
VisualStudioVersion = 16.0.30204.135
MinimumVisualStudioVersion = 10.0.40219.1
Project("{9A19103F-16F7-4668-BE54-9A1E7A4F7556}") = "Web", "FleaMarket\Web.csproj", "{75524321-DBCE-4307-B930-F5BE1BA6920A}"
EndProject
Project("{9A19103F-16F7-4668-BE54-9A1E7A4F7556}") = "Data", "Data\Data.csproj", "{6C8F1393-CDBD-4933-9682-B3EF8011262C}"
EndProject
Project("{9A19103F-16F7-4668-BE54-9A1E7A4F7556}") = "Models", "Models\Models.csproj", "{666E6B72-A69F-4160-BB6C-6AC31CB88EFA}"
EndProject
Project("{FAE04EC0-301F-11D3-BF4B-00C04F79EFBC}") = "Repositories", "Repositories\Repositories.csproj", "{582B4A07-D827-48A4-B292-3E2E1A60335F}"
EndProject
Global
	GlobalSection(SolutionConfigurationPlatforms) = preSolution
		Debug|Any CPU = Debug|Any CPU
		Release|Any CPU = Release|Any CPU
	EndGlobalSection
	GlobalSection(ProjectConfigurationPlatforms) = postSolution
		{75524321-DBCE-4307-B930-F5BE1BA6920A}.Debug|Any CPU.ActiveCfg = Debug|Any CPU
		{75524321-DBCE-4307-B930-F5BE1BA6920A}.Debug|Any CPU.Build.0 = Debug|Any CPU
		{75524321-DBCE-4307-B930-F5BE1BA6920A}.Release|Any CPU.ActiveCfg = Release|Any CPU
		{75524321-DBCE-4307-B930-F5BE1BA6920A}.Release|Any CPU.Build.0 = Release|Any CPU
		{6C8F1393-CDBD-4933-9682-B3EF8011262C}.Debug|Any CPU.ActiveCfg = Debug|Any CPU
		{6C8F1393-CDBD-4933-9682-B3EF8011262C}.Debug|Any CPU.Build.0 = Debug|Any CPU
		{6C8F1393-CDBD-4933-9682-B3EF8011262C}.Release|Any CPU.ActiveCfg = Release|Any CPU
		{6C8F1393-CDBD-4933-9682-B3EF8011262C}.Release|Any CPU.Build.0 = Release|Any CPU
		{666E6B72-A69F-4160-BB6C-6AC31CB88EFA}.Debug|Any CPU.ActiveCfg = Debug|Any CPU
		{666E6B72-A69F-4160-BB6C-6AC31CB88EFA}.Debug|Any CPU.Build.0 = Debug|Any CPU
		{666E6B72-A69F-4160-BB6C-6AC31CB88EFA}.Release|Any CPU.ActiveCfg = Release|Any CPU
		{666E6B72-A69F-4160-BB6C-6AC31CB88EFA}.Release|Any CPU.Build.0 = Release|Any CPU
		{582B4A07-D827-48A4-B292-3E2E1A60335F}.Debug|Any CPU.ActiveCfg = Debug|Any CPU
		{582B4A07-D827-48A4-B292-3E2E1A60335F}.Debug|Any CPU.Build.0 = Debug|Any CPU
		{582B4A07-D827-48A4-B292-3E2E1A60335F}.Release|Any CPU.ActiveCfg = Release|Any CPU
		{582B4A07-D827-48A4-B292-3E2E1A60335F}.Release|Any CPU.Build.0 = Release|Any CPU
	EndGlobalSection
	GlobalSection(SolutionProperties) = preSolution
		HideSolutionNode = FALSE
	EndGlobalSection
	GlobalSection(ExtensibilityGlobals) = postSolution
		SolutionGuid = {F2296857-0823-4AAA-B945-771BA0880BF2}
	EndGlobalSection
EndGlobal
